<Solution>
  <Folder Name="/Task0/">
    <Project Path="Tyuiu.EvsinMA.Sprint0.Task0.V0/Tyuiu.EvsinMA.Sprint0.Task0.V0.csproj" />
  </Folder>
  <Folder Name="/Task1/">
    <Project Path="Tyuiu.EvsinMA.Sprint0.Task1.V0/Tyuiu.EvsinMA.Sprint0.Task1.V0.csproj" />
  </Folder>
  <Folder Name="/Task2/">
    <Project Path="Tyuiu.EvsinMA.Sprint0.Task2.V0.Lib/Tyuiu.EvsinMA.Sprint0.Task2.V0.Lib.csproj" />
    <Project Path="Tyuiu.EvsinMA.Sprint0.Task2.V0.Test/Tyuiu.EvsinMA.Sprint0.Task2.V0.Test.csproj" />
    <Project Path="Tyuiu.EvsinMA.Sprint0.Task2.V0/Tyuiu.EvsinMA.Sprint0.Task2.V0.csproj" />
  </Folder>
  <Folder Name="/Task3/">
    <Project Path="Tyuiu.EvsinMA.Sprint0.Task3.V0.Lib/Tyuiu.EvsinMA.Sprint0.Task3.V0.Lib.csproj" />
    <Project Path="Tyuiu.EvsinMA.Sprint0.Task3.V0.Test/Tyuiu.EvsinMA.Sprint0.Task3.V0.Test.csproj" />
    <Project Path="Tyuiu.EvsinMA.Sprint0.Task3.V0/Tyuiu.EvsinMA.Sprint0.Task3.V0.csproj" />
  </Folder>
  <Folder Name="/Task4/">
    <Project Path="Tyuiu.EvsinMA.Sprint0.Task4.V0.Lib/Tyuiu.EvsinMA.Sprint0.Task4.V0.Lib.csproj" />
    <Project Path="Tyuiu.EvsinMA.Sprint0.Task4.V0.Test/Tyuiu.EvsinMA.Sprint0.Task4.V0.Test.csproj" />
    <Project Path="Tyuiu.EvsinMA.Sprint0.Task4.V0/Tyuiu.EvsinMA.Sprint0.Task4.V0.csproj" />
  </Folder>
  <Folder Name="/Task5/">
    <Project Path="Tyuiu.EvsinMA.Sprint0.Task5.V0.Lib/Tyuiu.EvsinMA.Sprint0.Task5.V0.Lib.csproj" />
    <Project Path="Tyuiu.EvsinMA.Sprint0.Task5.V0.Test/Tyuiu.EvsinMA.Sprint0.Task5.V0.Test.csproj" />
    <Project Path="Tyuiu.EvsinMA.Sprint0.Task5.V0/Tyuiu.EvsinMA.Sprint0.Task5.V0.csproj" />
  </Folder>
  <Folder Name="/Task6/">
    <Project Path="Tyuiu.EvsinMA.Sprint0.Task6.V0.Lib/Tyuiu.EvsinMA.Sprint0.Task6.V0.Lib.csproj" />
    <Project Path="Tyuiu.EvsinMA.Sprint0.Task6.V0.Test/Tyuiu.EvsinMA.Sprint0.Task6.V0.Test.csproj" />
    <Project Path="Tyuiu.EvsinMA.Sprint0.Task6.V0/Tyuiu.EvsinMA.Sprint0.Task6.V0.csproj" />
  </Folder>
  <Folder Name="/Task7/">
    <Project Path="Tyuiu.EvsinMA.Sprint0.Task7.V0.Lib/Tyuiu.EvsinMA.Sprint0.Task7.V0.Lib.csproj" Id="53275530-466a-4b97-b618-4fc9ef53e4f4" />
    <Project Path="Tyuiu.EvsinMA.Sprint0.Task7.V0.Test/Tyuiu.EvsinMA.Sprint0.Task7.V0.Test.csproj" Id="daac3f6e-f5ea-4d5d-90ea-cb463051996a" />
    <Project Path="Tyuiu.EvsinMA.Sprint0.Task7.V0/Tyuiu.EvsinMA.Sprint0.Task7.V0.csproj" Id="baef314c-0a03-4639-a5a2-42dd0e138b81" />
  </Folder>
</Solution>
